// !$*UTF8*$!
{
	archiveVersion = 1;
	classes = {
	};
	objectVersion = 46;
	objects = {

/* Begin PBXBuildFile section */
		CFB023AA1D4F3DD1005AC143 /* AppDelegate.swift in Sources */ = {isa = PBXBuildFile; fileRef = CFB023A91D4F3DD1005AC143 /* AppDelegate.swift */; };
		CFB023AC1D4F3DD1005AC143 /* ViewController.swift in Sources */ = {isa = PBXBuildFile; fileRef = CFB023AB1D4F3DD1005AC143 /* ViewController.swift */; };
		CFB023AF1D4F3DD1005AC143 /* Main.storyboard in Resources */ = {isa = PBXBuildFile; fileRef = CFB023AD1D4F3DD1005AC143 /* Main.storyboard */; };
		CFB023B11D4F3DD1005AC143 /* Assets.xcassets in Resources */ = {isa = PBXBuildFile; fileRef = CFB023B01D4F3DD1005AC143 /* Assets.xcassets */; };
		CFB023B41D4F3DD1005AC143 /* LaunchScreen.storyboard in Resources */ = {isa = PBXBuildFile; fileRef = CFB023B21D4F3DD1005AC143 /* LaunchScreen.storyboard */; };
		CFB023BF1D4F3DD1005AC143 /* SlideshowAppTests.swift in Sources */ = {isa = PBXBuildFile; fileRef = CFB023BE1D4F3DD1005AC143 /* SlideshowAppTests.swift */; };
		CFB023CA1D4F3DD1005AC143 /* SlideshowAppUITests.swift in Sources */ = {isa = PBXBuildFile; fileRef = CFB023C91D4F3DD1005AC143 /* SlideshowAppUITests.swift */; };
/* End PBXBuildFile section */

/* Begin PBXContainerItemProxy section */
		CFB023BB1D4F3DD1005AC143 /* PBXContainerItemProxy */ = {
			isa = PBXContainerItemProxy;
			containerPortal = CFB0239E1D4F3DD1005AC143 /* Project object */;
			proxyType = 1;
			remoteGlobalIDString = CFB023A51D4F3DD1005AC143;
			remoteInfo = SlideshowApp;
		};
		CFB023C61D4F3DD1005AC143 /* PBXContainerItemProxy */ = {
			isa = PBXContainerItemProxy;
			containerPortal = CFB0239E1D4F3DD1005AC143 /* Project object */;
			proxyType = 1;
			remoteGlobalIDString = CFB023A51D4F3DD1005AC143;
			remoteInfo = SlideshowApp;
		};
/* End PBXContainerItemProxy section */

/* Begin PBXFileReference section */
		CFB023A61D4F3DD1005AC143 /* SlideshowApp.app */ = {isa = PBXFileReference; explicitFileType = wrapper.application; includeInIndex = 0; path = SlideshowApp.app; sourceTree = BUILT_PRODUCTS_DIR; };
		CFB023A91D4F3DD1005AC143 /* AppDelegate.swift */ = {isa = PBXFileReference; lastKnownFileType = sourcecode.swift; path = AppDelegate.swift; sourceTree = "<group>"; };
		CFB023AB1D4F3DD1005AC143 /* ViewController.swift */ = {isa = PBXFileReference; lastKnownFileType = sourcecode.swift; path = ViewController.swift; sourceTree = "<group>"; };
		CFB023AE1D4F3DD1005AC143 /* Base */ = {isa = PBXFileReference; lastKnownFileType = file.storyboard; name = Base; path = Base.lproj/Main.storyboard; sourceTree = "<group>"; };
		CFB023B01D4F3DD1005AC143 /* Assets.xcassets */ = {isa = PBXFileReference; lastKnownFileType = folder.assetcatalog; path = Assets.xcassets; sourceTree = "<group>"; };
		CFB023B31D4F3DD1005AC143 /* Base */ = {isa = PBXFileReference; lastKnownFileType = file.storyboard; name = Base; path = Base.lproj/LaunchScreen.storyboard; sourceTree = "<group>"; };
		CFB023B51D4F3DD1005AC143 /* Info.plist */ = {isa = PBXFileReference; lastKnownFileType = text.plist.xml; path = Info.plist; sourceTree = "<group>"; };
		CFB023BA1D4F3DD1005AC143 /* SlideshowAppTests.xctest */ = {isa = PBXFileReference; explicitFileType = wrapper.cfbundle; includeInIndex = 0; path = SlideshowAppTests.xctest; sourceTree = BUILT_PRODUCTS_DIR; };
		CFB023BE1D4F3DD1005AC143 /* SlideshowAppTests.swift */ = {isa = PBXFileReference; lastKnownFileType = sourcecode.swift; path = SlideshowAppTests.swift; sourceTree = "<group>"; };
		CFB023C01D4F3DD1005AC143 /* Info.plist */ = {isa = PBXFileReference; lastKnownFileType = text.plist.xml; path = Info.plist; sourceTree = "<group>"; };
		CFB023C51D4F3DD1005AC143 /* SlideshowAppUITests.xctest */ = {isa = PBXFileReference; explicitFileType = wrapper.cfbundle; includeInIndex = 0; path = SlideshowAppUITests.xctest; sourceTree = BUILT_PRODUCTS_DIR; };
		CFB023C91D4F3DD1005AC143 /* SlideshowAppUITests.swift */ = {isa = PBXFileReference; lastKnownFileType = sourcecode.swift; path = SlideshowAppUITests.swift; sourceTree = "<group>"; };
		CFB023CB1D4F3DD1005AC143 /* Info.plist */ = {isa = PBXFileReference; lastKnownFileType = text.plist.xml; path = Info.plist; sourceTree = "<group>"; };
/* End PBXFileReference section */

/* Begin PBXFrameworksBuildPhase section */
		CFB023A31D4F3DD1005AC143 /* Frameworks */ = {
			isa = PBXFrameworksBuildPhase;
			buildActionMask = 2147483647;
			files = (
			);
			runOnlyForDeploymentPostprocessing = 0;
		};
		CFB023B71D4F3DD1005AC143 /* Frameworks */ = {
			isa = PBXFrameworksBuildPhase;
			buildActionMask = 2147483647;
			files = (
			);
			runOnlyForDeploymentPostprocessing = 0;
		};
		CFB023C21D4F3DD1005AC143 /* Frameworks */ = {
			isa = PBXFrameworksBuildPhase;
			buildActionMask = 2147483647;
			files = (
			);
			runOnlyForDeploymentPostprocessing = 0;
		};
/* End PBXFrameworksBuildPhase section */

/* Begin PBXGroup section */
		CFB0239D1D4F3DD1005AC143 = {
			isa = PBXGroup;
			children = (
				CFB023A81D4F3DD1005AC143 /* SlideshowApp */,
				CFB023BD1D4F3DD1005AC143 /* SlideshowAppTests */,
				CFB023C81D4F3DD1005AC143 /* SlideshowAppUITests */,
				CFB023A71D4F3DD1005AC143 /* Products */,
			);
			sourceTree = "<group>";
		};
		CFB023A71D4F3DD1005AC143 /* Products */ = {
			isa = PBXGroup;
			children = (
				CFB023A61D4F3DD1005AC143 /* SlideshowApp.app */,
				CFB023BA1D4F3DD1005AC143 /* SlideshowAppTests.xctest */,
				CFB023C51D4F3DD1005AC143 /* SlideshowAppUITests.xctest */,
			);
			name = Products;
			sourceTree = "<group>";
		};
		CFB023A81D4F3DD1005AC143 /* SlideshowApp */ = {
			isa = PBXGroup;
			children = (
				CFB023A91D4F3DD1005AC143 /* AppDelegate.swift */,
				CFB023AB1D4F3DD1005AC143 /* ViewController.swift */,
				CFB023AD1D4F3DD1005AC143 /* Main.storyboard */,
				CFB023B01D4F3DD1005AC143 /* Assets.xcassets */,
				CFB023B21D4F3DD1005AC143 /* LaunchScreen.storyboard */,
				CFB023B51D4F3DD1005AC143 /* Info.plist */,
			);
			path = SlideshowApp;
			sourceTree = "<group>";
		};
		CFB023BD1D4F3DD1005AC143 /* SlideshowAppTests */ = {
			isa = PBXGroup;
			children = (
				CFB023BE1D4F3DD1005AC143 /* SlideshowAppTests.swift */,
				CFB023C01D4F3DD1005AC143 /* Info.plist */,
			);
			path = SlideshowAppTests;
			sourceTree = "<group>";
		};
		CFB023C81D4F3DD1005AC143 /* SlideshowAppUITests */ = {
			isa = PBXGroup;
			children = (
				CFB023C91D4F3DD1005AC143 /* SlideshowAppUITests.swift */,
				CFB023CB1D4F3DD1005AC143 /* Info.plist */,
			);
			path = SlideshowAppUITests;
			sourceTree = "<group>";
		};
/* End PBXGroup section */

/* Begin PBXNativeTarget section */
		CFB023A51D4F3DD1005AC143 /* SlideshowApp */ = {
			isa = PBXNativeTarget;
			buildConfigurationList = CFB023CE1D4F3DD1005AC143 /* Build configuration list for PBXNativeTarget "SlideshowApp" */;
			buildPhases = (
				CFB023A21D4F3DD1005AC143 /* Sources */,
				CFB023A31D4F3DD1005AC143 /* Frameworks */,
				CFB023A41D4F3DD1005AC143 /* Resources */,
			);
			buildRules = (
			);
			dependencies = (
			);
			name = SlideshowApp;
			productName = SlideshowApp;
			productReference = CFB023A61D4F3DD1005AC143 /* SlideshowApp.app */;
			productType = "com.apple.product-type.application";
		};
		CFB023B91D4F3DD1005AC143 /* SlideshowAppTests */ = {
			isa = PBXNativeTarget;
			buildConfigurationList = CFB023D11D4F3DD1005AC143 /* Build configuration list for PBXNativeTarget "SlideshowAppTests" */;
			buildPhases = (
				CFB023B61D4F3DD1005AC143 /* Sources */,
				CFB023B71D4F3DD1005AC143 /* Frameworks */,
				CFB023B81D4F3DD1005AC143 /* Resources */,
			);
			buildRules = (
			);
			dependencies = (
				CFB023BC1D4F3DD1005AC143 /* PBXTargetDependency */,
			);
			name = SlideshowAppTests;
			productName = SlideshowAppTests;
			productReference = CFB023BA1D4F3DD1005AC143 /* SlideshowAppTests.xctest */;
			productType = "com.apple.product-type.bundle.unit-test";
		};
		CFB023C41D4F3DD1005AC143 /* SlideshowAppUITests */ = {
			isa = PBXNativeTarget;
			buildConfigurationList = CFB023D41D4F3DD1005AC143 /* Build configuration list for PBXNativeTarget "SlideshowAppUITests" */;
			buildPhases = (
				CFB023C11D4F3DD1005AC143 /* Sources */,
				CFB023C21D4F3DD1005AC143 /* Frameworks */,
				CFB023C31D4F3DD1005AC143 /* Resources */,
			);
			buildRules = (
			);
			dependencies = (
				CFB023C71D4F3DD1005AC143 /* PBXTargetDependency */,
			);
			name = SlideshowAppUITests;
			productName = SlideshowAppUITests;
			productReference = CFB023C51D4F3DD1005AC143 /* SlideshowAppUITests.xctest */;
			productType = "com.apple.product-type.bundle.ui-testing";
		};
/* End PBXNativeTarget section */

/* Begin PBXProject section */
		CFB0239E1D4F3DD1005AC143 /* Project object */ = {
			isa = PBXProject;
			attributes = {
				LastSwiftUpdateCheck = 0730;
				LastUpgradeCheck = 0730;
				ORGANIZATIONNAME = "田中舜一";
				TargetAttributes = {
					CFB023A51D4F3DD1005AC143 = {
						CreatedOnToolsVersion = 7.3.1;
					};
					CFB023B91D4F3DD1005AC143 = {
						CreatedOnToolsVersion = 7.3.1;
						TestTargetID = CFB023A51D4F3DD1005AC143;
					};
					CFB023C41D4F3DD1005AC143 = {
						CreatedOnToolsVersion = 7.3.1;
						TestTargetID = CFB023A51D4F3DD1005AC143;
					};
				};
			};
			buildConfigurationList = CFB023A11D4F3DD1005AC143 /* Build configuration list for PBXProject "SlideshowApp" */;
			compatibilityVersion = "Xcode 3.2";
			developmentRegion = English;
			hasScannedForEncodings = 0;
			knownRegions = (
				en,
				Base,
			);
			mainGroup = CFB0239D1D4F3DD1005AC143;
			productRefGroup = CFB023A71D4F3DD1005AC143 /* Products */;
			projectDirPath = "";
			projectRoot = "";
			targets = (
				CFB023A51D4F3DD1005AC143 /* SlideshowApp */,
				CFB023B91D4F3DD1005AC143 /* SlideshowAppTests */,
				CFB023C41D4F3DD1005AC143 /* SlideshowAppUITests */,
			);
		};
/* End PBXProject section */

/* Begin PBXResourcesBuildPhase section */
		CFB023A41D4F3DD1005AC143 /* Resources */ = {
			isa = PBXResourcesBuildPhase;
			buildActionMask = 2147483647;
			files = (
				CFB023B41D4F3DD1005AC143 /* LaunchScreen.storyboard in Resources */,
				CFB023B11D4F3DD1005AC143 /* Assets.xcassets in Resources */,
				CFB023AF1D4F3DD1005AC143 /* Main.storyboard in Resources */,
			);
			runOnlyForDeploymentPostprocessing = 0;
		};
		CFB023B81D4F3DD1005AC143 /* Resources */ = {
			isa = PBXResourcesBuildPhase;
			buildActionMask = 2147483647;
			files = (
			);
			runOnlyForDeploymentPostprocessing = 0;
		};
		CFB023C31D4F3DD1005AC143 /* Resources */ = {
			isa = PBXResourcesBuildPhase;
			buildActionMask = 2147483647;
			files = (
			);
			runOnlyForDeploymentPostprocessing = 0;
		};
/* End PBXResourcesBuildPhase section */

/* Begin PBXSourcesBuildPhase section */
		CFB023A21D4F3DD1005AC143 /* Sources */ = {
			isa = PBXSourcesBuildPhase;
			buildActionMask = 2147483647;
			files = (
				CFB023AC1D4F3DD1005AC143 /* ViewController.swift in Sources */,
				CFB023AA1D4F3DD1005AC143 /* AppDelegate.swift in Sources */,
			);
			runOnlyForDeploymentPostprocessing = 0;
		};
		CFB023B61D4F3DD1005AC143 /* Sources */ = {
			isa = PBXSourcesBuildPhase;
			buildActionMask = 2147483647;
			files = (
				CFB023BF1D4F3DD1005AC143 /* SlideshowAppTests.swift in Sources */,
			);
			runOnlyForDeploymentPostprocessing = 0;
		};
		CFB023C11D4F3DD1005AC143 /* Sources */ = {
			isa = PBXSourcesBuildPhase;
			buildActionMask = 2147483647;
			files = (
				CFB023CA1D4F3DD1005AC143 /* SlideshowAppUITests.swift in Sources */,
			);
			runOnlyForDeploymentPostprocessing = 0;
		};
/* End PBXSourcesBuildPhase section */

/* Begin PBXTargetDependency section */
		CFB023BC1D4F3DD1005AC143 /* PBXTargetDependency */ = {
			isa = PBXTargetDependency;
			target = CFB023A51D4F3DD1005AC143 /* SlideshowApp */;
			targetProxy = CFB023BB1D4F3DD1005AC143 /* PBXContainerItemProxy */;
		};
		CFB023C71D4F3DD1005AC143 /* PBXTargetDependency */ = {
			isa = PBXTargetDependency;
			target = CFB023A51D4F3DD1005AC143 /* SlideshowApp */;
			targetProxy = CFB023C61D4F3DD1005AC143 /* PBXContainerItemProxy */;
		};
/* End PBXTargetDependency section */

/* Begin PBXVariantGroup section */
		CFB023AD1D4F3DD1005AC143 /* Main.storyboard */ = {
			isa = PBXVariantGroup;
			children = (
				CFB023AE1D4F3DD1005AC143 /* Base */,
			);
			name = Main.storyboard;
			sourceTree = "<group>";
		};
		CFB023B21D4F3DD1005AC143 /* LaunchScreen.storyboard */ = {
			isa = PBXVariantGroup;
			children = (
				CFB023B31D4F3DD1005AC143 /* Base */,
			);
			name = LaunchScreen.storyboard;
			sourceTree = "<group>";
		};
/* End PBXVariantGroup section */

/* Begin XCBuildConfiguration section */
		CFB023CC1D4F3DD1005AC143 /* Debug */ = {
			isa = XCBuildConfiguration;
			buildSettings = {
				ALWAYS_SEARCH_USER_PATHS = NO;
				CLANG_ANALYZER_NONNULL = YES;
				CLANG_CXX_LANGUAGE_STANDARD = "gnu++0x";
				CLANG_CXX_LIBRARY = "libc++";
				CLANG_ENABLE_MODULES = YES;
				CLANG_ENABLE_OBJC_ARC = YES;
				CLANG_WARN_BOOL_CONVERSION = YES;
				CLANG_WARN_CONSTANT_CONVERSION = YES;
				CLANG_WARN_DIRECT_OBJC_ISA_USAGE = YES_ERROR;
				CLANG_WARN_EMPTY_BODY = YES;
				CLANG_WARN_ENUM_CONVERSION = YES;
				CLANG_WARN_INT_CONVERSION = YES;
				CLANG_WARN_OBJC_ROOT_CLASS = YES_ERROR;
				CLANG_WARN_UNREACHABLE_CODE = YES;
				CLANG_WARN__DUPLICATE_METHOD_MATCH = YES;
				"CODE_SIGN_IDENTITY[sdk=iphoneos*]" = "iPhone Developer";
				COPY_PHASE_STRIP = NO;
				DEBUG_INFORMATION_FORMAT = dwarf;
				ENABLE_STRICT_OBJC_MSGSEND = YES;
				ENABLE_TESTABILITY = YES;
				GCC_C_LANGUAGE_STANDARD = gnu99;
				GCC_DYNAMIC_NO_PIC = NO;
				GCC_NO_COMMON_BLOCKS = YES;
				GCC_OPTIMIZATION_LEVEL = 0;
				GCC_PREPROCESSOR_DEFINITIONS = (
					"DEBUG=1",
					"$(inherited)",
				);
				GCC_WARN_64_TO_32_BIT_CONVERSION = YES;
				GCC_WARN_ABOUT_RETURN_TYPE = YES_ERROR;
				GCC_WARN_UNDECLARED_SELECTOR = YES;
				GCC_WARN_UNINITIALIZED_AUTOS = YES_AGGRESSIVE;
				GCC_WARN_UNUSED_FUNCTION = YES;
				GCC_WARN_UNUSED_VARIABLE = YES;
				IPHONEOS_DEPLOYMENT_TARGET = 9.3;
				MTL_ENABLE_DEBUG_INFO = YES;
				ONLY_ACTIVE_ARCH = YES;
				SDKROOT = iphoneos;
				SWIFT_OPTIMIZATION_LEVEL = "-Onone";
				TARGETED_DEVICE_FAMILY = "1,2";
			};
			name = Debug;
		};
		CFB023CD1D4F3DD1005AC143 /* Release */ = {
			isa = XCBuildConfiguration;
			buildSettings = {
				ALWAYS_SEARCH_USER_PATHS = NO;
				CLANG_ANALYZER_NONNULL = YES;
				CLANG_CXX_LANGUAGE_STANDARD = "gnu++0x";
				CLANG_CXX_LIBRARY = "libc++";
				CLANG_ENABLE_MODULES = YES;
				CLANG_ENABLE_OBJC_ARC = YES;
				CLANG_WARN_BOOL_CONVERSION = YES;
				CLANG_WARN_CONSTANT_CONVERSION = YES;
				CLANG_WARN_DIRECT_OBJC_ISA_USAGE = YES_ERROR;
				CLANG_WARN_EMPTY_BODY = YES;
				CLANG_WARN_ENUM_CONVERSION = YES;
				CLANG_WARN_INT_CONVERSION = YES;
				CLANG_WARN_OBJC_ROOT_CLASS = YES_ERROR;
				CLANG_WARN_UNREACHABLE_CODE = YES;
				CLANG_WARN__DUPLICATE_METHOD_MATCH = YES;
				"CODE_SIGN_IDENTITY[sdk=iphoneos*]" = "iPhone Developer";
				COPY_PHASE_STRIP = NO;
				DEBUG_INFORMATION_FORMAT = "dwarf-with-dsym";
				ENABLE_NS_ASSERTIONS = NO;
				ENABLE_STRICT_OBJC_MSGSEND = YES;
				GCC_C_LANGUAGE_STANDARD = gnu99;
				GCC_NO_COMMON_BLOCKS = YES;
				GCC_WARN_64_TO_32_BIT_CONVERSION = YES;
				GCC_WARN_ABOUT_RETURN_TYPE = YES_ERROR;
				GCC_WARN_UNDECLARED_SELECTOR = YES;
				GCC_WARN_UNINITIALIZED_AUTOS = YES_AGGRESSIVE;
				GCC_WARN_UNUSED_FUNCTION = YES;
				GCC_WARN_UNUSED_VARIABLE = YES;
				IPHONEOS_DEPLOYMENT_TARGET = 9.3;
				MTL_ENABLE_DEBUG_INFO = NO;
				SDKROOT = iphoneos;
				TARGETED_DEVICE_FAMILY = "1,2";
				VALIDATE_PRODUCT = YES;
			};
			name = Release;
		};
		CFB023CF1D4F3DD1005AC143 /* Debug */ = {
			isa = XCBuildConfiguration;
			buildSettings = {
				ASSETCATALOG_COMPILER_APPICON_NAME = AppIcon;
				INFOPLIST_FILE = SlideshowApp/Info.plist;
				LD_RUNPATH_SEARCH_PATHS = "$(inherited) @executable_path/Frameworks";
				PRODUCT_BUNDLE_IDENTIFIER = test.SlideshowApp;
				PRODUCT_NAME = "$(TARGET_NAME)";
			};
			name = Debug;
		};
		CFB023D01D4F3DD1005AC143 /* Release */ = {
			isa = XCBuildConfiguration;
			buildSettings = {
				ASSETCATALOG_COMPILER_APPICON_NAME = AppIcon;
				INFOPLIST_FILE = SlideshowApp/Info.plist;
				LD_RUNPATH_SEARCH_PATHS = "$(inherited) @executable_path/Frameworks";
				PRODUCT_BUNDLE_IDENTIFIER = test.SlideshowApp;
				PRODUCT_NAME = "$(TARGET_NAME)";
			};
			name = Release;
		};
		CFB023D21D4F3DD1005AC143 /* Debug */ = {
			isa = XCBuildConfiguration;
			buildSettings = {
				BUNDLE_LOADER = "$(TEST_HOST)";
				INFOPLIST_FILE = SlideshowAppTests/Info.plist;
				LD_RUNPATH_SEARCH_PATHS = "$(inherited) @executable_path/Frameworks @loader_path/Frameworks";
				PRODUCT_BUNDLE_IDENTIFIER = test.SlideshowAppTests;
				PRODUCT_NAME = "$(TARGET_NAME)";
				TEST_HOST = "$(BUILT_PRODUCTS_DIR)/SlideshowApp.app/SlideshowApp";
			};
			name = Debug;
		};
		CFB023D31D4F3DD1005AC143 /* Release */ = {
			isa = XCBuildConfiguration;
			buildSettings = {
				BUNDLE_LOADER = "$(TEST_HOST)";
				INFOPLIST_FILE = SlideshowAppTests/Info.plist;
				LD_RUNPATH_SEARCH_PATHS = "$(inherited) @executable_path/Frameworks @loader_path/Frameworks";
				PRODUCT_BUNDLE_IDENTIFIER = test.SlideshowAppTests;
				PRODUCT_NAME = "$(TARGET_NAME)";
				TEST_HOST = "$(BUILT_PRODUCTS_DIR)/SlideshowApp.app/SlideshowApp";
			};
			name = Release;
		};
		CFB023D51D4F3DD1005AC143 /* Debug */ = {
			isa = XCBuildConfiguration;
			buildSettings = {
				INFOPLIST_FILE = SlideshowAppUITests/Info.plist;
				LD_RUNPATH_SEARCH_PATHS = "$(inherited) @executable_path/Frameworks @loader_path/Frameworks";
				PRODUCT_BUNDLE_IDENTIFIER = test.SlideshowAppUITests;
				PRODUCT_NAME = "$(TARGET_NAME)";
				TEST_TARGET_NAME = SlideshowApp;
			};
			name = Debug;
		};
		CFB023D61D4F3DD1005AC143 /* Release */ = {
			isa = XCBuildConfiguration;
			buildSettings = {
				INFOPLIST_FILE = SlideshowAppUITests/Info.plist;
				LD_RUNPATH_SEARCH_PATHS = "$(inherited) @executable_path/Frameworks @loader_path/Frameworks";
				PRODUCT_BUNDLE_IDENTIFIER = test.SlideshowAppUITests;
				PRODUCT_NAME = "$(TARGET_NAME)";
				TEST_TARGET_NAME = SlideshowApp;
			};
			name = Release;
		};
/* End XCBuildConfiguration section */

/* Begin XCConfigurationList section */
		CFB023A11D4F3DD1005AC143 /* Build configuration list for PBXProject "SlideshowApp" */ = {
			isa = XCConfigurationList;
			buildConfigurations = (
				CFB023CC1D4F3DD1005AC143 /* Debug */,
				CFB023CD1D4F3DD1005AC143 /* Release */,
			);
			defaultConfigurationIsVisible = 0;
			defaultConfigurationName = Release;
		};
		CFB023CE1D4F3DD1005AC143 /* Build configuration list for PBXNativeTarget "SlideshowApp" */ = {
			isa = XCConfigurationList;
			buildConfigurations = (
				CFB023CF1D4F3DD1005AC143 /* Debug */,
				CFB023D01D4F3DD1005AC143 /* Release */,
			);
			defaultConfigurationIsVisible = 0;
		};
		CFB023D11D4F3DD1005AC143 /* Build configuration list for PBXNativeTarget "SlideshowAppTests" */ = {
			isa = XCConfigurationList;
			buildConfigurations = (
				CFB023D21D4F3DD1005AC143 /* Debug */,
				CFB023D31D4F3DD1005AC143 /* Release */,
			);
			defaultConfigurationIsVisible = 0;
		};
		CFB023D41D4F3DD1005AC143 /* Build configuration list for PBXNativeTarget "SlideshowAppUITests" */ = {
			isa = XCConfigurationList;
			buildConfigurations = (
				CFB023D51D4F3DD1005AC143 /* Debug */,
				CFB023D61D4F3DD1005AC143 /* Release */,
			);
			defaultConfigurationIsVisible = 0;
		};
/* End XCConfigurationList section */
	};
	rootObject = CFB0239E1D4F3DD1005AC143 /* Project object */;
}
